// !$*UTF8*$!
{
	archiveVersion = 1;
	classes = {
	};
	objectVersion = 77;
	objects = {

/* Begin PBXContainerItemProxy section */
		0C368BD72DEDD8A900B3F84A /* PBXContainerItemProxy */ = {
			isa = PBXContainerItemProxy;
			containerPortal = 0C368BBF2DEDD8A800B3F84A /* Project object */;
			proxyType = 1;
			remoteGlobalIDString = 0C368BC62DEDD8A800B3F84A;
			remoteInfo = TymeXAssignment;
		};
		0C368BE12DEDD8A900B3F84A /* PBXContainerItemProxy */ = {
			isa = PBXContainerItemProxy;
			containerPortal = 0C368BBF2DEDD8A800B3F84A /* Project object */;
			proxyType = 1;
			remoteGlobalIDString = 0C368BC62DEDD8A800B3F84A;
			remoteInfo = TymeXAssignment;
		};
/* End PBXContainerItemProxy section */

/* Begin PBXFileReference section */
		0C368BC72DEDD8A800B3F84A /* TymeXAssignment.app */ = {isa = PBXFileReference; explicitFileType = wrapper.application; includeInIndex = 0; path = TymeXAssignment.app; sourceTree = BUILT_PRODUCTS_DIR; };
		0C368BD62DEDD8A900B3F84A /* TymeXAssignmentTests.xctest */ = {isa = PBXFileReference; explicitFileType = wrapper.cfbundle; includeInIndex = 0; path = TymeXAssignmentTests.xctest; sourceTree = BUILT_PRODUCTS_DIR; };
		0C368BE02DEDD8A900B3F84A /* TymeXAssignmentUITests.xctest */ = {isa = PBXFileReference; explicitFileType = wrapper.cfbundle; includeInIndex = 0; path = TymeXAssignmentUITests.xctest; sourceTree = BUILT_PRODUCTS_DIR; };
/* End PBXFileReference section */

/* Begin PBXFileSystemSynchronizedRootGroup section */
		0C368BC92DEDD8A800B3F84A /* TymeXAssignment */ = {
			isa = PBXFileSystemSynchronizedRootGroup;
			path = TymeXAssignment;
			sourceTree = "<group>";
		};
		0C368BD92DEDD8A900B3F84A /* TymeXAssignmentTests */ = {
			isa = PBXFileSystemSynchronizedRootGroup;
			path = TymeXAssignmentTests;
			sourceTree = "<group>";
		};
		0C368BE32DEDD8A900B3F84A /* TymeXAssignmentUITests */ = {
			isa = PBXFileSystemSynchronizedRootGroup;
			path = TymeXAssignmentUITests;
			sourceTree = "<group>";
		};
/* End PBXFileSystemSynchronizedRootGroup section */

/* Begin PBXFrameworksBuildPhase section */
		0C368BC42DEDD8A800B3F84A /* Frameworks */ = {
			isa = PBXFrameworksBuildPhase;
			buildActionMask = 2147483647;
			files = (
			);
			runOnlyForDeploymentPostprocessing = 0;
		};
		0C368BD32DEDD8A900B3F84A /* Frameworks */ = {
			isa = PBXFrameworksBuildPhase;
			buildActionMask = 2147483647;
			files = (
			);
			runOnlyForDeploymentPostprocessing = 0;
		};
		0C368BDD2DEDD8A900B3F84A /* Frameworks */ = {
			isa = PBXFrameworksBuildPhase;
			buildActionMask = 2147483647;
			files = (
			);
			runOnlyForDeploymentPostprocessing = 0;
		};
/* End PBXFrameworksBuildPhase section */

/* Begin PBXGroup section */
		0C368BBE2DEDD8A800B3F84A = {
			isa = PBXGroup;
			children = (
				0C368BC92DEDD8A800B3F84A /* TymeXAssignment */,
				0C368BD92DEDD8A900B3F84A /* TymeXAssignmentTests */,
				0C368BE32DEDD8A900B3F84A /* TymeXAssignmentUITests */,
				0C368BC82DEDD8A800B3F84A /* Products */,
			);
			sourceTree = "<group>";
		};
		0C368BC82DEDD8A800B3F84A /* Products */ = {
			isa = PBXGroup;
			children = (
				0C368BC72DEDD8A800B3F84A /* TymeXAssignment.app */,
				0C368BD62DEDD8A900B3F84A /* TymeXAssignmentTests.xctest */,
				0C368BE02DEDD8A900B3F84A /* TymeXAssignmentUITests.xctest */,
			);
			name = Products;
			sourceTree = "<group>";
		};
/* End PBXGroup section */

/* Begin PBXNativeTarget section */
		0C368BC62DEDD8A800B3F84A /* TymeXAssignment */ = {
			isa = PBXNativeTarget;
			buildConfigurationList = 0C368BEA2DEDD8A900B3F84A /* Build configuration list for PBXNativeTarget "TymeXAssignment" */;
			buildPhases = (
				0C368BC32DEDD8A800B3F84A /* Sources */,
				0C368BC42DEDD8A800B3F84A /* Frameworks */,
				0C368BC52DEDD8A800B3F84A /* Resources */,
			);
			buildRules = (
			);
			dependencies = (
			);
			fileSystemSynchronizedGroups = (
				0C368BC92DEDD8A800B3F84A /* TymeXAssignment */,
			);
			name = TymeXAssignment;
			packageProductDependencies = (
			);
			productName = TymeXAssignment;
			productReference = 0C368BC72DEDD8A800B3F84A /* TymeXAssignment.app */;
			productType = "com.apple.product-type.application";
		};
		0C368BD52DEDD8A900B3F84A /* TymeXAssignmentTests */ = {
			isa = PBXNativeTarget;
			buildConfigurationList = 0C368BED2DEDD8A900B3F84A /* Build configuration list for PBXNativeTarget "TymeXAssignmentTests" */;
			buildPhases = (
				0C368BD22DEDD8A900B3F84A /* Sources */,
				0C368BD32DEDD8A900B3F84A /* Frameworks */,
				0C368BD42DEDD8A900B3F84A /* Resources */,
			);
			buildRules = (
			);
			dependencies = (
				0C368BD82DEDD8A900B3F84A /* PBXTargetDependency */,
			);
			fileSystemSynchronizedGroups = (
				0C368BD92DEDD8A900B3F84A /* TymeXAssignmentTests */,
			);
			name = TymeXAssignmentTests;
			packageProductDependencies = (
			);
			productName = TymeXAssignmentTests;
			productReference = 0C368BD62DEDD8A900B3F84A /* TymeXAssignmentTests.xctest */;
			productType = "com.apple.product-type.bundle.unit-test";
		};
		0C368BDF2DEDD8A900B3F84A /* TymeXAssignmentUITests */ = {
			isa = PBXNativeTarget;
			buildConfigurationList = 0C368BF02DEDD8A900B3F84A /* Build configuration list for PBXNativeTarget "TymeXAssignmentUITests" */;
			buildPhases = (
				0C368BDC2DEDD8A900B3F84A /* Sources */,
				0C368BDD2DEDD8A900B3F84A /* Frameworks */,
				0C368BDE2DEDD8A900B3F84A /* Resources */,
			);
			buildRules = (
			);
			dependencies = (
				0C368BE22DEDD8A900B3F84A /* PBXTargetDependency */,
			);
			fileSystemSynchronizedGroups = (
				0C368BE32DEDD8A900B3F84A /* TymeXAssignmentUITests */,
			);
			name = TymeXAssignmentUITests;
			packageProductDependencies = (
			);
			productName = TymeXAssignmentUITests;
			productReference = 0C368BE02DEDD8A900B3F84A /* TymeXAssignmentUITests.xctest */;
			productType = "com.apple.product-type.bundle.ui-testing";
		};
/* End PBXNativeTarget section */

/* Begin PBXProject section */
		0C368BBF2DEDD8A800B3F84A /* Project object */ = {
			isa = PBXProject;
			attributes = {
				BuildIndependentTargetsInParallel = 1;
				LastSwiftUpdateCheck = 1640;
				LastUpgradeCheck = 1640;
				TargetAttributes = {
					0C368BC62DEDD8A800B3F84A = {
						CreatedOnToolsVersion = 16.4;
					};
					0C368BD52DEDD8A900B3F84A = {
						CreatedOnToolsVersion = 16.4;
						TestTargetID = 0C368BC62DEDD8A800B3F84A;
					};
					0C368BDF2DEDD8A900B3F84A = {
						CreatedOnToolsVersion = 16.4;
						TestTargetID = 0C368BC62DEDD8A800B3F84A;
					};
				};
			};
			buildConfigurationList = 0C368BC22DEDD8A800B3F84A /* Build configuration list for PBXProject "TymeXAssignment" */;
			developmentRegion = en;
			hasScannedForEncodings = 0;
			knownRegions = (
				en,
				Base,
			);
			mainGroup = 0C368BBE2DEDD8A800B3F84A;
			minimizedProjectReferenceProxies = 1;
			preferredProjectObjectVersion = 77;
			productRefGroup = 0C368BC82DEDD8A800B3F84A /* Products */;
			projectDirPath = "";
			projectRoot = "";
			targets = (
				0C368BC62DEDD8A800B3F84A /* TymeXAssignment */,
				0C368BD52DEDD8A900B3F84A /* TymeXAssignmentTests */,
				0C368BDF2DEDD8A900B3F84A /* TymeXAssignmentUITests */,
			);
		};
/* End PBXProject section */

/* Begin PBXResourcesBuildPhase section */
		0C368BC52DEDD8A800B3F84A /* Resources */ = {
			isa = PBXResourcesBuildPhase;
			buildActionMask = 2147483647;
			files = (
			);
			runOnlyForDeploymentPostprocessing = 0;
		};
		0C368BD42DEDD8A900B3F84A /* Resources */ = {
			isa = PBXResourcesBuildPhase;
			buildActionMask = 2147483647;
			files = (
			);
			runOnlyForDeploymentPostprocessing = 0;
		};
		0C368BDE2DEDD8A900B3F84A /* Resources */ = {
			isa = PBXResourcesBuildPhase;
			buildActionMask = 2147483647;
			files = (
			);
			runOnlyForDeploymentPostprocessing = 0;
		};
/* End PBXResourcesBuildPhase section */

/* Begin PBXSourcesBuildPhase section */
		0C368BC32DEDD8A800B3F84A /* Sources */ = {
			isa = PBXSourcesBuildPhase;
			buildActionMask = 2147483647;
			files = (
			);
			runOnlyForDeploymentPostprocessing = 0;
		};
		0C368BD22DEDD8A900B3F84A /* Sources */ = {
			isa = PBXSourcesBuildPhase;
			buildActionMask = 2147483647;
			files = (
			);
			runOnlyForDeploymentPostprocessing = 0;
		};
		0C368BDC2DEDD8A900B3F84A /* Sources */ = {
			isa = PBXSourcesBuildPhase;
			buildActionMask = 2147483647;
			files = (
			);
			runOnlyForDeploymentPostprocessing = 0;
		};
/* End PBXSourcesBuildPhase section */

/* Begin PBXTargetDependency section */
		0C368BD82DEDD8A900B3F84A /* PBXTargetDependency */ = {
			isa = PBXTargetDependency;
			target = 0C368BC62DEDD8A800B3F84A /* TymeXAssignment */;
			targetProxy = 0C368BD72DEDD8A900B3F84A /* PBXContainerItemProxy */;
		};
		0C368BE22DEDD8A900B3F84A /* PBXTargetDependency */ = {
			isa = PBXTargetDependency;
			target = 0C368BC62DEDD8A800B3F84A /* TymeXAssignment */;
			targetProxy = 0C368BE12DEDD8A900B3F84A /* PBXContainerItemProxy */;
		};
/* End PBXTargetDependency section */

/* Begin XCBuildConfiguration section */
		0C368BE82DEDD8A900B3F84A /* Debug */ = {
			isa = XCBuildConfiguration;
			buildSettings = {
				ALWAYS_SEARCH_USER_PATHS = NO;
				ASSETCATALOG_COMPILER_GENERATE_SWIFT_ASSET_SYMBOL_EXTENSIONS = YES;
				CLANG_ANALYZER_NONNULL = YES;
				CLANG_ANALYZER_NUMBER_OBJECT_CONVERSION = YES_AGGRESSIVE;
				CLANG_CXX_LANGUAGE_STANDARD = "gnu++20";
				CLANG_ENABLE_MODULES = YES;
				CLANG_ENABLE_OBJC_ARC = YES;
				CLANG_ENABLE_OBJC_WEAK = YES;
				CLANG_WARN_BLOCK_CAPTURE_AUTORELEASING = YES;
				CLANG_WARN_BOOL_CONVERSION = YES;
				CLANG_WARN_COMMA = YES;
				CLANG_WARN_CONSTANT_CONVERSION = YES;
				CLANG_WARN_DEPRECATED_OBJC_IMPLEMENTATIONS = YES;
				CLANG_WARN_DIRECT_OBJC_ISA_USAGE = YES_ERROR;
				CLANG_WARN_DOCUMENTATION_COMMENTS = YES;
				CLANG_WARN_EMPTY_BODY = YES;
				CLANG_WARN_ENUM_CONVERSION = YES;
				CLANG_WARN_INFINITE_RECURSION = YES;
				CLANG_WARN_INT_CONVERSION = YES;
				CLANG_WARN_NON_LITERAL_NULL_CONVERSION = YES;
				CLANG_WARN_OBJC_IMPLICIT_RETAIN_SELF = YES;
				CLANG_WARN_OBJC_LITERAL_CONVERSION = YES;
				CLANG_WARN_OBJC_ROOT_CLASS = YES_ERROR;
				CLANG_WARN_QUOTED_INCLUDE_IN_FRAMEWORK_HEADER = YES;
				CLANG_WARN_RANGE_LOOP_ANALYSIS = YES;
				CLANG_WARN_STRICT_PROTOTYPES = YES;
				CLANG_WARN_SUSPICIOUS_MOVE = YES;
				CLANG_WARN_UNGUARDED_AVAILABILITY = YES_AGGRESSIVE;
				CLANG_WARN_UNREACHABLE_CODE = YES;
				CLANG_WARN__DUPLICATE_METHOD_MATCH = YES;
				COPY_PHASE_STRIP = NO;
				DEBUG_INFORMATION_FORMAT = dwarf;
				DEVELOPMENT_TEAM = 7MS53B2RB2;
				ENABLE_STRICT_OBJC_MSGSEND = YES;
				ENABLE_TESTABILITY = YES;
				ENABLE_USER_SCRIPT_SANDBOXING = YES;
				GCC_C_LANGUAGE_STANDARD = gnu17;
				GCC_DYNAMIC_NO_PIC = NO;
				GCC_NO_COMMON_BLOCKS = YES;
				GCC_OPTIMIZATION_LEVEL = 0;
				GCC_PREPROCESSOR_DEFINITIONS = (
					"DEBUG=1",
					"$(inherited)",
				);
				GCC_WARN_64_TO_32_BIT_CONVERSION = YES;
				GCC_WARN_ABOUT_RETURN_TYPE = YES_ERROR;
				GCC_WARN_UNDECLARED_SELECTOR = YES;
				GCC_WARN_UNINITIALIZED_AUTOS = YES_AGGRESSIVE;
				GCC_WARN_UNUSED_FUNCTION = YES;
				GCC_WARN_UNUSED_VARIABLE = YES;
				IPHONEOS_DEPLOYMENT_TARGET = 18.5;
				LOCALIZATION_PREFERS_STRING_CATALOGS = YES;
				MTL_ENABLE_DEBUG_INFO = INCLUDE_SOURCE;
				MTL_FAST_MATH = YES;
				ONLY_ACTIVE_ARCH = YES;
				SDKROOT = iphoneos;
				SWIFT_ACTIVE_COMPILATION_CONDITIONS = "DEBUG $(inherited)";
				SWIFT_OPTIMIZATION_LEVEL = "-Onone";
			};
			name = Debug;
		};
		0C368BE92DEDD8A900B3F84A /* Release */ = {
			isa = XCBuildConfiguration;
			buildSettings = {
				ALWAYS_SEARCH_USER_PATHS = NO;
				ASSETCATALOG_COMPILER_GENERATE_SWIFT_ASSET_SYMBOL_EXTENSIONS = YES;
				CLANG_ANALYZER_NONNULL = YES;
				CLANG_ANALYZER_NUMBER_OBJECT_CONVERSION = YES_AGGRESSIVE;
				CLANG_CXX_LANGUAGE_STANDARD = "gnu++20";
				CLANG_ENABLE_MODULES = YES;
				CLANG_ENABLE_OBJC_ARC = YES;
				CLANG_ENABLE_OBJC_WEAK = YES;
				CLANG_WARN_BLOCK_CAPTURE_AUTORELEASING = YES;
				CLANG_WARN_BOOL_CONVERSION = YES;
				CLANG_WARN_COMMA = YES;
				CLANG_WARN_CONSTANT_CONVERSION = YES;
				CLANG_WARN_DEPRECATED_OBJC_IMPLEMENTATIONS = YES;
				CLANG_WARN_DIRECT_OBJC_ISA_USAGE = YES_ERROR;
				CLANG_WARN_DOCUMENTATION_COMMENTS = YES;
				CLANG_WARN_EMPTY_BODY = YES;
				CLANG_WARN_ENUM_CONVERSION = YES;
				CLANG_WARN_INFINITE_RECURSION = YES;
				CLANG_WARN_INT_CONVERSION = YES;
				CLANG_WARN_NON_LITERAL_NULL_CONVERSION = YES;
				CLANG_WARN_OBJC_IMPLICIT_RETAIN_SELF = YES;
				CLANG_WARN_OBJC_LITERAL_CONVERSION = YES;
				CLANG_WARN_OBJC_ROOT_CLASS = YES_ERROR;
				CLANG_WARN_QUOTED_INCLUDE_IN_FRAMEWORK_HEADER = YES;
				CLANG_WARN_RANGE_LOOP_ANALYSIS = YES;
				CLANG_WARN_STRICT_PROTOTYPES = YES;
				CLANG_WARN_SUSPICIOUS_MOVE = YES;
				CLANG_WARN_UNGUARDED_AVAILABILITY = YES_AGGRESSIVE;
				CLANG_WARN_UNREACHABLE_CODE = YES;
				CLANG_WARN__DUPLICATE_METHOD_MATCH = YES;
				COPY_PHASE_STRIP = NO;
				DEBUG_INFORMATION_FORMAT = "dwarf-with-dsym";
				DEVELOPMENT_TEAM = 7MS53B2RB2;
				ENABLE_NS_ASSERTIONS = NO;
				ENABLE_STRICT_OBJC_MSGSEND = YES;
				ENABLE_USER_SCRIPT_SANDBOXING = YES;
				GCC_C_LANGUAGE_STANDARD = gnu17;
				GCC_NO_COMMON_BLOCKS = YES;
				GCC_WARN_64_TO_32_BIT_CONVERSION = YES;
				GCC_WARN_ABOUT_RETURN_TYPE = YES_ERROR;
				GCC_WARN_UNDECLARED_SELECTOR = YES;
				GCC_WARN_UNINITIALIZED_AUTOS = YES_AGGRESSIVE;
				GCC_WARN_UNUSED_FUNCTION = YES;
				GCC_WARN_UNUSED_VARIABLE = YES;
				IPHONEOS_DEPLOYMENT_TARGET = 18.5;
				LOCALIZATION_PREFERS_STRING_CATALOGS = YES;
				MTL_ENABLE_DEBUG_INFO = NO;
				MTL_FAST_MATH = YES;
				SDKROOT = iphoneos;
				SWIFT_COMPILATION_MODE = wholemodule;
				VALIDATE_PRODUCT = YES;
			};
			name = Release;
		};
		0C368BEB2DEDD8A900B3F84A /* Debug */ = {
			isa = XCBuildConfiguration;
			buildSettings = {
				ASSETCATALOG_COMPILER_APPICON_NAME = AppIcon;
				ASSETCATALOG_COMPILER_GLOBAL_ACCENT_COLOR_NAME = AccentColor;
				CODE_SIGN_STYLE = Automatic;
				CURRENT_PROJECT_VERSION = 1;
				DEVELOPMENT_TEAM = 7MS53B2RB2;
				ENABLE_PREVIEWS = YES;
				GENERATE_INFOPLIST_FILE = YES;
				INFOPLIST_KEY_UIApplicationSceneManifest_Generation = YES;
				INFOPLIST_KEY_UIApplicationSupportsIndirectInputEvents = YES;
				INFOPLIST_KEY_UILaunchScreen_Generation = YES;
				INFOPLIST_KEY_UISupportedInterfaceOrientations_iPad = "UIInterfaceOrientationPortrait UIInterfaceOrientationPortraitUpsideDown UIInterfaceOrientationLandscapeLeft UIInterfaceOrientationLandscapeRight";
				INFOPLIST_KEY_UISupportedInterfaceOrientations_iPhone = "UIInterfaceOrientationPortrait UIInterfaceOrientationLandscapeLeft UIInterfaceOrientationLandscapeRight";
				LD_RUNPATH_SEARCH_PATHS = (
					"$(inherited)",
					"@executable_path/Frameworks",
				);
				MARKETING_VERSION = 1.0;
				PRODUCT_BUNDLE_IDENTIFIER = com.thanhhvt.TymeXAssignment;
				PRODUCT_NAME = "$(TARGET_NAME)";
				SWIFT_EMIT_LOC_STRINGS = YES;
				SWIFT_VERSION = 5.0;
				TARGETED_DEVICE_FAMILY = "1,2";
			};
			name = Debug;
		};
		0C368BEC2DEDD8A900B3F84A /* Release */ = {
			isa = XCBuildConfiguration;
			buildSettings = {
				ASSETCATALOG_COMPILER_APPICON_NAME = AppIcon;
				ASSETCATALOG_COMPILER_GLOBAL_ACCENT_COLOR_NAME = AccentColor;
				CODE_SIGN_STYLE = Automatic;
				CURRENT_PROJECT_VERSION = 1;
				DEVELOPMENT_TEAM = 7MS53B2RB2;
				ENABLE_PREVIEWS = YES;
				GENERATE_INFOPLIST_FILE = YES;
				INFOPLIST_KEY_UIApplicationSceneManifest_Generation = YES;
				INFOPLIST_KEY_UIApplicationSupportsIndirectInputEvents = YES;
				INFOPLIST_KEY_UILaunchScreen_Generation = YES;
				INFOPLIST_KEY_UISupportedInterfaceOrientations_iPad = "UIInterfaceOrientationPortrait UIInterfaceOrientationPortraitUpsideDown UIInterfaceOrientationLandscapeLeft UIInterfaceOrientationLandscapeRight";
				INFOPLIST_KEY_UISupportedInterfaceOrientations_iPhone = "UIInterfaceOrientationPortrait UIInterfaceOrientationLandscapeLeft UIInterfaceOrientationLandscapeRight";
				LD_RUNPATH_SEARCH_PATHS = (
					"$(inherited)",
					"@executable_path/Frameworks",
				);
				MARKETING_VERSION = 1.0;
				PRODUCT_BUNDLE_IDENTIFIER = com.thanhhvt.TymeXAssignment;
				PRODUCT_NAME = "$(TARGET_NAME)";
				SWIFT_EMIT_LOC_STRINGS = YES;
				SWIFT_VERSION = 5.0;
				TARGETED_DEVICE_FAMILY = "1,2";
			};
			name = Release;
		};
		0C368BEE2DEDD8A900B3F84A /* Debug */ = {
			isa = XCBuildConfiguration;
			buildSettings = {
				BUNDLE_LOADER = "$(TEST_HOST)";
				CODE_SIGN_STYLE = Automatic;
				CURRENT_PROJECT_VERSION = 1;
				DEVELOPMENT_TEAM = 7MS53B2RB2;
				GENERATE_INFOPLIST_FILE = YES;
				IPHONEOS_DEPLOYMENT_TARGET = 18.5;
				MARKETING_VERSION = 1.0;
				PRODUCT_BUNDLE_IDENTIFIER = com.thanhhvt.TymeXAssignmentTests;
				PRODUCT_NAME = "$(TARGET_NAME)";
				SWIFT_EMIT_LOC_STRINGS = NO;
				SWIFT_VERSION = 5.0;
				TARGETED_DEVICE_FAMILY = "1,2";
				TEST_HOST = "$(BUILT_PRODUCTS_DIR)/TymeXAssignment.app/$(BUNDLE_EXECUTABLE_FOLDER_PATH)/TymeXAssignment";
			};
			name = Debug;
		};
		0C368BEF2DEDD8A900B3F84A /* Release */ = {
			isa = XCBuildConfiguration;
			buildSettings = {
				BUNDLE_LOADER = "$(TEST_HOST)";
				CODE_SIGN_STYLE = Automatic;
				CURRENT_PROJECT_VERSION = 1;
				DEVELOPMENT_TEAM = 7MS53B2RB2;
				GENERATE_INFOPLIST_FILE = YES;
				IPHONEOS_DEPLOYMENT_TARGET = 18.5;
				MARKETING_VERSION = 1.0;
				PRODUCT_BUNDLE_IDENTIFIER = com.thanhhvt.TymeXAssignmentTests;
				PRODUCT_NAME = "$(TARGET_NAME)";
				SWIFT_EMIT_LOC_STRINGS = NO;
				SWIFT_VERSION = 5.0;
				TARGETED_DEVICE_FAMILY = "1,2";
				TEST_HOST = "$(BUILT_PRODUCTS_DIR)/TymeXAssignment.app/$(BUNDLE_EXECUTABLE_FOLDER_PATH)/TymeXAssignment";
			};
			name = Release;
		};
		0C368BF12DEDD8A900B3F84A /* Debug */ = {
			isa = XCBuildConfiguration;
			buildSettings = {
				CODE_SIGN_STYLE = Automatic;
				CURRENT_PROJECT_VERSION = 1;
				DEVELOPMENT_TEAM = 7MS53B2RB2;
				GENERATE_INFOPLIST_FILE = YES;
				MARKETING_VERSION = 1.0;
				PRODUCT_BUNDLE_IDENTIFIER = com.thanhhvt.TymeXAssignmentUITests;
				PRODUCT_NAME = "$(TARGET_NAME)";
				SWIFT_EMIT_LOC_STRINGS = NO;
				SWIFT_VERSION = 5.0;
				TARGETED_DEVICE_FAMILY = "1,2";
				TEST_TARGET_NAME = TymeXAssignment;
			};
			name = Debug;
		};
		0C368BF22DEDD8A900B3F84A /* Release */ = {
			isa = XCBuildConfiguration;
			buildSettings = {
				CODE_SIGN_STYLE = Automatic;
				CURRENT_PROJECT_VERSION = 1;
				DEVELOPMENT_TEAM = 7MS53B2RB2;
				GENERATE_INFOPLIST_FILE = YES;
				MARKETING_VERSION = 1.0;
				PRODUCT_BUNDLE_IDENTIFIER = com.thanhhvt.TymeXAssignmentUITests;
				PRODUCT_NAME = "$(TARGET_NAME)";
				SWIFT_EMIT_LOC_STRINGS = NO;
				SWIFT_VERSION = 5.0;
				TARGETED_DEVICE_FAMILY = "1,2";
				TEST_TARGET_NAME = TymeXAssignment;
			};
			name = Release;
		};
/* End XCBuildConfiguration section */

/* Begin XCConfigurationList section */
		0C368BC22DEDD8A800B3F84A /* Build configuration list for PBXProject "TymeXAssignment" */ = {
			isa = XCConfigurationList;
			buildConfigurations = (
				0C368BE82DEDD8A900B3F84A /* Debug */,
				0C368BE92DEDD8A900B3F84A /* Release */,
			);
			defaultConfigurationIsVisible = 0;
			defaultConfigurationName = Release;
		};
		0C368BEA2DEDD8A900B3F84A /* Build configuration list for PBXNativeTarget "TymeXAssignment" */ = {
			isa = XCConfigurationList;
			buildConfigurations = (
				0C368BEB2DEDD8A900B3F84A /* Debug */,
				0C368BEC2DEDD8A900B3F84A /* Release */,
			);
			defaultConfigurationIsVisible = 0;
			defaultConfigurationName = Release;
		};
		0C368BED2DEDD8A900B3F84A /* Build configuration list for PBXNativeTarget "TymeXAssignmentTests" */ = {
			isa = XCConfigurationList;
			buildConfigurations = (
				0C368BEE2DEDD8A900B3F84A /* Debug */,
				0C368BEF2DEDD8A900B3F84A /* Release */,
			);
			defaultConfigurationIsVisible = 0;
			defaultConfigurationName = Release;
		};
		0C368BF02DEDD8A900B3F84A /* Build configuration list for PBXNativeTarget "TymeXAssignmentUITests" */ = {
			isa = XCConfigurationList;
			buildConfigurations = (
				0C368BF12DEDD8A900B3F84A /* Debug */,
				0C368BF22DEDD8A900B3F84A /* Release */,
			);
			defaultConfigurationIsVisible = 0;
			defaultConfigurationName = Release;
		};
/* End XCConfigurationList section */
	};
	rootObject = 0C368BBF2DEDD8A800B3F84A /* Project object */;
}
